
Microsoft Visual Studio Solution File, Format Version 12.00
# Visual Studio Version 17
VisualStudioVersion = 17.7.34003.232
MinimumVisualStudioVersion = 10.0.40219.1
Project("{9A19103F-16F7-4668-BE54-9A1E7A4F7556}") = "GiaiPT", "GiaiPT\GiaiPT.csproj", "{6C379E5B-CC2C-4B93-AB84-D1B54B381B0A}"
EndProject
Project("{FAE04EC0-301F-11D3-BF4B-00C04F79EFBC}") = "DVKhamBenh", "DVKhamBenh\DVKhamBenh.csproj", "{115D8477-F732-4B45-B61B-780D2A16E0C6}"
EndProject
Global
	GlobalSection(SolutionConfigurationPlatforms) = preSolution
		Debug|Any CPU = Debug|Any CPU
		Release|Any CPU = Release|Any CPU
	EndGlobalSection
	GlobalSection(ProjectConfigurationPlatforms) = postSolution
		{6C379E5B-CC2C-4B93-AB84-D1B54B381B0A}.Debug|Any CPU.ActiveCfg = Debug|Any CPU
		{6C379E5B-CC2C-4B93-AB84-D1B54B381B0A}.Debug|Any CPU.Build.0 = Debug|Any CPU
		{6C379E5B-CC2C-4B93-AB84-D1B54B381B0A}.Release|Any CPU.ActiveCfg = Release|Any CPU
		{6C379E5B-CC2C-4B93-AB84-D1B54B381B0A}.Release|Any CPU.Build.0 = Release|Any CPU
		{115D8477-F732-4B45-B61B-780D2A16E0C6}.Debug|Any CPU.ActiveCfg = Debug|Any CPU
		{115D8477-F732-4B45-B61B-780D2A16E0C6}.Debug|Any CPU.Build.0 = Debug|Any CPU
		{115D8477-F732-4B45-B61B-780D2A16E0C6}.Release|Any CPU.ActiveCfg = Release|Any CPU
		{115D8477-F732-4B45-B61B-780D2A16E0C6}.Release|Any CPU.Build.0 = Release|Any CPU
	EndGlobalSection
	GlobalSection(SolutionProperties) = preSolution
		HideSolutionNode = FALSE
	EndGlobalSection
	GlobalSection(ExtensibilityGlobals) = postSolution
		SolutionGuid = {6E829400-F1B2-4EBE-8A37-9981AF809C24}
	EndGlobalSection
EndGlobal
