
Microsoft Visual Studio Solution File, Format Version 12.00
# Visual Studio Version 17
VisualStudioVersion = 17.7.34003.232
MinimumVisualStudioVersion = 10.0.40219.1
Project("{9A19103F-16F7-4668-BE54-9A1E7A4F7556}") = "GiaiPT", "GiaiPT\GiaiPT.csproj", "{6C379E5B-CC2C-4B93-AB84-D1B54B381B0A}"
EndProject
Project("{9A19103F-16F7-4668-BE54-9A1E7A4F7556}") = "DVKhamBenh", "DVKhamBenh\DVKhamBenh.csproj", "{115D8477-F732-4B45-B61B-780D2A16E0C6}"
EndProject
Project("{9A19103F-16F7-4668-BE54-9A1E7A4F7556}") = "02_calculator", "..\..\Chuong1\02_calculator\02_calculator.csproj", "{67F97EFC-9B48-4FEA-A301-425AA4D8672D}"
EndProject
Project("{9A19103F-16F7-4668-BE54-9A1E7A4F7556}") = "01_login", "..\..\Chuong1\01_login\01_login.csproj", "{793B6EF1-5B32-49ED-9D28-D9BB887B0FC2}"
EndProject
Global
	GlobalSection(SolutionConfigurationPlatforms) = preSolution
		Debug|Any CPU = Debug|Any CPU
		Release|Any CPU = Release|Any CPU
	EndGlobalSection
	GlobalSection(ProjectConfigurationPlatforms) = postSolution
		{6C379E5B-CC2C-4B93-AB84-D1B54B381B0A}.Debug|Any CPU.ActiveCfg = Debug|Any CPU
		{6C379E5B-CC2C-4B93-AB84-D1B54B381B0A}.Debug|Any CPU.Build.0 = Debug|Any CPU
		{6C379E5B-CC2C-4B93-AB84-D1B54B381B0A}.Release|Any CPU.ActiveCfg = Release|Any CPU
		{6C379E5B-CC2C-4B93-AB84-D1B54B381B0A}.Release|Any CPU.Build.0 = Release|Any CPU
		{115D8477-F732-4B45-B61B-780D2A16E0C6}.Debug|Any CPU.ActiveCfg = Debug|Any CPU
		{115D8477-F732-4B45-B61B-780D2A16E0C6}.Debug|Any CPU.Build.0 = Debug|Any CPU
		{115D8477-F732-4B45-B61B-780D2A16E0C6}.Release|Any CPU.ActiveCfg = Release|Any CPU
		{115D8477-F732-4B45-B61B-780D2A16E0C6}.Release|Any CPU.Build.0 = Release|Any CPU
		{67F97EFC-9B48-4FEA-A301-425AA4D8672D}.Debug|Any CPU.ActiveCfg = Debug|Any CPU
		{67F97EFC-9B48-4FEA-A301-425AA4D8672D}.Debug|Any CPU.Build.0 = Debug|Any CPU
		{67F97EFC-9B48-4FEA-A301-425AA4D8672D}.Release|Any CPU.ActiveCfg = Release|Any CPU
		{67F97EFC-9B48-4FEA-A301-425AA4D8672D}.Release|Any CPU.Build.0 = Release|Any CPU
		{793B6EF1-5B32-49ED-9D28-D9BB887B0FC2}.Debug|Any CPU.ActiveCfg = Debug|Any CPU
		{793B6EF1-5B32-49ED-9D28-D9BB887B0FC2}.Debug|Any CPU.Build.0 = Debug|Any CPU
		{793B6EF1-5B32-49ED-9D28-D9BB887B0FC2}.Release|Any CPU.ActiveCfg = Release|Any CPU
		{793B6EF1-5B32-49ED-9D28-D9BB887B0FC2}.Release|Any CPU.Build.0 = Release|Any CPU
	EndGlobalSection
	GlobalSection(SolutionProperties) = preSolution
		HideSolutionNode = FALSE
	EndGlobalSection
	GlobalSection(ExtensibilityGlobals) = postSolution
		SolutionGuid = {6E829400-F1B2-4EBE-8A37-9981AF809C24}
	EndGlobalSection
EndGlobal
